// !$*UTF8*$!
{
	archiveVersion = 1;
	classes = {
	};
	objectVersion = 50;
	objects = {

/* Begin PBXBuildFile section */
		72898A2A2572F0C9000DCB25 /* AppDelegate.swift in Sources */ = {isa = PBXBuildFile; fileRef = 72898A292572F0C9000DCB25 /* AppDelegate.swift */; };
		72898A2C2572F0C9000DCB25 /* SceneDelegate.swift in Sources */ = {isa = PBXBuildFile; fileRef = 72898A2B2572F0C9000DCB25 /* SceneDelegate.swift */; };
		72898A2E2572F0C9000DCB25 /* ViewController.swift in Sources */ = {isa = PBXBuildFile; fileRef = 72898A2D2572F0C9000DCB25 /* ViewController.swift */; };
		72898A312572F0C9000DCB25 /* Main.storyboard in Resources */ = {isa = PBXBuildFile; fileRef = 72898A2F2572F0C9000DCB25 /* Main.storyboard */; };
		72898A332572F0D0000DCB25 /* Assets.xcassets in Resources */ = {isa = PBXBuildFile; fileRef = 72898A322572F0D0000DCB25 /* Assets.xcassets */; };
		72898A362572F0D0000DCB25 /* LaunchScreen.storyboard in Resources */ = {isa = PBXBuildFile; fileRef = 72898A342572F0D0000DCB25 /* LaunchScreen.storyboard */; };
		72898A412572F0D0000DCB25 /* GroupProjectTests.swift in Sources */ = {isa = PBXBuildFile; fileRef = 72898A402572F0D0000DCB25 /* GroupProjectTests.swift */; };
		72898A4C2572F0D0000DCB25 /* GroupProjectUITests.swift in Sources */ = {isa = PBXBuildFile; fileRef = 72898A4B2572F0D0000DCB25 /* GroupProjectUITests.swift */; };
/* End PBXBuildFile section */

/* Begin PBXContainerItemProxy section */
		72898A3D2572F0D0000DCB25 /* PBXContainerItemProxy */ = {
			isa = PBXContainerItemProxy;
			containerPortal = 72898A1E2572F0C9000DCB25 /* Project object */;
			proxyType = 1;
			remoteGlobalIDString = 72898A252572F0C9000DCB25;
			remoteInfo = GroupProject;
		};
		72898A482572F0D0000DCB25 /* PBXContainerItemProxy */ = {
			isa = PBXContainerItemProxy;
			containerPortal = 72898A1E2572F0C9000DCB25 /* Project object */;
			proxyType = 1;
			remoteGlobalIDString = 72898A252572F0C9000DCB25;
			remoteInfo = GroupProject;
		};
/* End PBXContainerItemProxy section */

/* Begin PBXFileReference section */
		72898A262572F0C9000DCB25 /* GroupProject.app */ = {isa = PBXFileReference; explicitFileType = wrapper.application; includeInIndex = 0; path = GroupProject.app; sourceTree = BUILT_PRODUCTS_DIR; };
		72898A292572F0C9000DCB25 /* AppDelegate.swift */ = {isa = PBXFileReference; lastKnownFileType = sourcecode.swift; path = AppDelegate.swift; sourceTree = "<group>"; };
		72898A2B2572F0C9000DCB25 /* SceneDelegate.swift */ = {isa = PBXFileReference; lastKnownFileType = sourcecode.swift; path = SceneDelegate.swift; sourceTree = "<group>"; };
		72898A2D2572F0C9000DCB25 /* ViewController.swift */ = {isa = PBXFileReference; lastKnownFileType = sourcecode.swift; path = ViewController.swift; sourceTree = "<group>"; };
		72898A302572F0C9000DCB25 /* Base */ = {isa = PBXFileReference; lastKnownFileType = file.storyboard; name = Base; path = Base.lproj/Main.storyboard; sourceTree = "<group>"; };
		72898A322572F0D0000DCB25 /* Assets.xcassets */ = {isa = PBXFileReference; lastKnownFileType = folder.assetcatalog; path = Assets.xcassets; sourceTree = "<group>"; };
		72898A352572F0D0000DCB25 /* Base */ = {isa = PBXFileReference; lastKnownFileType = file.storyboard; name = Base; path = Base.lproj/LaunchScreen.storyboard; sourceTree = "<group>"; };
		72898A372572F0D0000DCB25 /* Info.plist */ = {isa = PBXFileReference; lastKnownFileType = text.plist.xml; path = Info.plist; sourceTree = "<group>"; };
		72898A3C2572F0D0000DCB25 /* GroupProjectTests.xctest */ = {isa = PBXFileReference; explicitFileType = wrapper.cfbundle; includeInIndex = 0; path = GroupProjectTests.xctest; sourceTree = BUILT_PRODUCTS_DIR; };
		72898A402572F0D0000DCB25 /* GroupProjectTests.swift */ = {isa = PBXFileReference; lastKnownFileType = sourcecode.swift; path = GroupProjectTests.swift; sourceTree = "<group>"; };
		72898A422572F0D0000DCB25 /* Info.plist */ = {isa = PBXFileReference; lastKnownFileType = text.plist.xml; path = Info.plist; sourceTree = "<group>"; };
		72898A472572F0D0000DCB25 /* GroupProjectUITests.xctest */ = {isa = PBXFileReference; explicitFileType = wrapper.cfbundle; includeInIndex = 0; path = GroupProjectUITests.xctest; sourceTree = BUILT_PRODUCTS_DIR; };
		72898A4B2572F0D0000DCB25 /* GroupProjectUITests.swift */ = {isa = PBXFileReference; lastKnownFileType = sourcecode.swift; path = GroupProjectUITests.swift; sourceTree = "<group>"; };
		72898A4D2572F0D0000DCB25 /* Info.plist */ = {isa = PBXFileReference; lastKnownFileType = text.plist.xml; path = Info.plist; sourceTree = "<group>"; };
/* End PBXFileReference section */

/* Begin PBXFrameworksBuildPhase section */
		72898A232572F0C9000DCB25 /* Frameworks */ = {
			isa = PBXFrameworksBuildPhase;
			buildActionMask = 2147483647;
			files = (
			);
			runOnlyForDeploymentPostprocessing = 0;
		};
		72898A392572F0D0000DCB25 /* Frameworks */ = {
			isa = PBXFrameworksBuildPhase;
			buildActionMask = 2147483647;
			files = (
			);
			runOnlyForDeploymentPostprocessing = 0;
		};
		72898A442572F0D0000DCB25 /* Frameworks */ = {
			isa = PBXFrameworksBuildPhase;
			buildActionMask = 2147483647;
			files = (
			);
			runOnlyForDeploymentPostprocessing = 0;
		};
/* End PBXFrameworksBuildPhase section */

/* Begin PBXGroup section */
		72898A1D2572F0C8000DCB25 = {
			isa = PBXGroup;
			children = (
				72898A282572F0C9000DCB25 /* GroupProject */,
				72898A3F2572F0D0000DCB25 /* GroupProjectTests */,
				72898A4A2572F0D0000DCB25 /* GroupProjectUITests */,
				72898A272572F0C9000DCB25 /* Products */,
			);
			sourceTree = "<group>";
		};
		72898A272572F0C9000DCB25 /* Products */ = {
			isa = PBXGroup;
			children = (
				72898A262572F0C9000DCB25 /* GroupProject.app */,
				72898A3C2572F0D0000DCB25 /* GroupProjectTests.xctest */,
				72898A472572F0D0000DCB25 /* GroupProjectUITests.xctest */,
			);
			name = Products;
			sourceTree = "<group>";
		};
		72898A282572F0C9000DCB25 /* GroupProject */ = {
			isa = PBXGroup;
			children = (
				72898A292572F0C9000DCB25 /* AppDelegate.swift */,
				72898A2B2572F0C9000DCB25 /* SceneDelegate.swift */,
				72898A2D2572F0C9000DCB25 /* ViewController.swift */,
				72898A2F2572F0C9000DCB25 /* Main.storyboard */,
				72898A322572F0D0000DCB25 /* Assets.xcassets */,
				72898A342572F0D0000DCB25 /* LaunchScreen.storyboard */,
				72898A372572F0D0000DCB25 /* Info.plist */,
			);
			path = GroupProject;
			sourceTree = "<group>";
		};
		72898A3F2572F0D0000DCB25 /* GroupProjectTests */ = {
			isa = PBXGroup;
			children = (
				72898A402572F0D0000DCB25 /* GroupProjectTests.swift */,
				72898A422572F0D0000DCB25 /* Info.plist */,
			);
			path = GroupProjectTests;
			sourceTree = "<group>";
		};
		72898A4A2572F0D0000DCB25 /* GroupProjectUITests */ = {
			isa = PBXGroup;
			children = (
				72898A4B2572F0D0000DCB25 /* GroupProjectUITests.swift */,
				72898A4D2572F0D0000DCB25 /* Info.plist */,
			);
			path = GroupProjectUITests;
			sourceTree = "<group>";
		};
/* End PBXGroup section */

/* Begin PBXNativeTarget section */
		72898A252572F0C9000DCB25 /* GroupProject */ = {
			isa = PBXNativeTarget;
			buildConfigurationList = 72898A502572F0D0000DCB25 /* Build configuration list for PBXNativeTarget "GroupProject" */;
			buildPhases = (
				72898A222572F0C9000DCB25 /* Sources */,
				72898A232572F0C9000DCB25 /* Frameworks */,
				72898A242572F0C9000DCB25 /* Resources */,
			);
			buildRules = (
			);
			dependencies = (
			);
			name = GroupProject;
			productName = GroupProject;
			productReference = 72898A262572F0C9000DCB25 /* GroupProject.app */;
			productType = "com.apple.product-type.application";
		};
		72898A3B2572F0D0000DCB25 /* GroupProjectTests */ = {
			isa = PBXNativeTarget;
			buildConfigurationList = 72898A532572F0D0000DCB25 /* Build configuration list for PBXNativeTarget "GroupProjectTests" */;
			buildPhases = (
				72898A382572F0D0000DCB25 /* Sources */,
				72898A392572F0D0000DCB25 /* Frameworks */,
				72898A3A2572F0D0000DCB25 /* Resources */,
			);
			buildRules = (
			);
			dependencies = (
				72898A3E2572F0D0000DCB25 /* PBXTargetDependency */,
			);
			name = GroupProjectTests;
			productName = GroupProjectTests;
			productReference = 72898A3C2572F0D0000DCB25 /* GroupProjectTests.xctest */;
			productType = "com.apple.product-type.bundle.unit-test";
		};
		72898A462572F0D0000DCB25 /* GroupProjectUITests */ = {
			isa = PBXNativeTarget;
			buildConfigurationList = 72898A562572F0D0000DCB25 /* Build configuration list for PBXNativeTarget "GroupProjectUITests" */;
			buildPhases = (
				72898A432572F0D0000DCB25 /* Sources */,
				72898A442572F0D0000DCB25 /* Frameworks */,
				72898A452572F0D0000DCB25 /* Resources */,
			);
			buildRules = (
			);
			dependencies = (
				72898A492572F0D0000DCB25 /* PBXTargetDependency */,
			);
			name = GroupProjectUITests;
			productName = GroupProjectUITests;
			productReference = 72898A472572F0D0000DCB25 /* GroupProjectUITests.xctest */;
			productType = "com.apple.product-type.bundle.ui-testing";
		};
/* End PBXNativeTarget section */

/* Begin PBXProject section */
		72898A1E2572F0C9000DCB25 /* Project object */ = {
			isa = PBXProject;
			attributes = {
				LastSwiftUpdateCheck = 1220;
				LastUpgradeCheck = 1220;
				TargetAttributes = {
					72898A252572F0C9000DCB25 = {
						CreatedOnToolsVersion = 12.2;
					};
					72898A3B2572F0D0000DCB25 = {
						CreatedOnToolsVersion = 12.2;
						TestTargetID = 72898A252572F0C9000DCB25;
					};
					72898A462572F0D0000DCB25 = {
						CreatedOnToolsVersion = 12.2;
						TestTargetID = 72898A252572F0C9000DCB25;
					};
				};
			};
			buildConfigurationList = 72898A212572F0C9000DCB25 /* Build configuration list for PBXProject "GroupProject" */;
			compatibilityVersion = "Xcode 9.3";
			developmentRegion = en;
			hasScannedForEncodings = 0;
			knownRegions = (
				en,
				Base,
			);
			mainGroup = 72898A1D2572F0C8000DCB25;
			productRefGroup = 72898A272572F0C9000DCB25 /* Products */;
			projectDirPath = "";
			projectRoot = "";
			targets = (
				72898A252572F0C9000DCB25 /* GroupProject */,
				72898A3B2572F0D0000DCB25 /* GroupProjectTests */,
				72898A462572F0D0000DCB25 /* GroupProjectUITests */,
			);
		};
/* End PBXProject section */

/* Begin PBXResourcesBuildPhase section */
		72898A242572F0C9000DCB25 /* Resources */ = {
			isa = PBXResourcesBuildPhase;
			buildActionMask = 2147483647;
			files = (
				72898A362572F0D0000DCB25 /* LaunchScreen.storyboard in Resources */,
				72898A332572F0D0000DCB25 /* Assets.xcassets in Resources */,
				72898A312572F0C9000DCB25 /* Main.storyboard in Resources */,
			);
			runOnlyForDeploymentPostprocessing = 0;
		};
		72898A3A2572F0D0000DCB25 /* Resources */ = {
			isa = PBXResourcesBuildPhase;
			buildActionMask = 2147483647;
			files = (
			);
			runOnlyForDeploymentPostprocessing = 0;
		};
		72898A452572F0D0000DCB25 /* Resources */ = {
			isa = PBXResourcesBuildPhase;
			buildActionMask = 2147483647;
			files = (
			);
			runOnlyForDeploymentPostprocessing = 0;
		};
/* End PBXResourcesBuildPhase section */

/* Begin PBXSourcesBuildPhase section */
		72898A222572F0C9000DCB25 /* Sources */ = {
			isa = PBXSourcesBuildPhase;
			buildActionMask = 2147483647;
			files = (
				72898A2E2572F0C9000DCB25 /* ViewController.swift in Sources */,
				72898A2A2572F0C9000DCB25 /* AppDelegate.swift in Sources */,
				72898A2C2572F0C9000DCB25 /* SceneDelegate.swift in Sources */,
			);
			runOnlyForDeploymentPostprocessing = 0;
		};
		72898A382572F0D0000DCB25 /* Sources */ = {
			isa = PBXSourcesBuildPhase;
			buildActionMask = 2147483647;
			files = (
				72898A412572F0D0000DCB25 /* GroupProjectTests.swift in Sources */,
			);
			runOnlyForDeploymentPostprocessing = 0;
		};
		72898A432572F0D0000DCB25 /* Sources */ = {
			isa = PBXSourcesBuildPhase;
			buildActionMask = 2147483647;
			files = (
				72898A4C2572F0D0000DCB25 /* GroupProjectUITests.swift in Sources */,
			);
			runOnlyForDeploymentPostprocessing = 0;
		};
/* End PBXSourcesBuildPhase section */

/* Begin PBXTargetDependency section */
		72898A3E2572F0D0000DCB25 /* PBXTargetDependency */ = {
			isa = PBXTargetDependency;
			target = 72898A252572F0C9000DCB25 /* GroupProject */;
			targetProxy = 72898A3D2572F0D0000DCB25 /* PBXContainerItemProxy */;
		};
		72898A492572F0D0000DCB25 /* PBXTargetDependency */ = {
			isa = PBXTargetDependency;
			target = 72898A252572F0C9000DCB25 /* GroupProject */;
			targetProxy = 72898A482572F0D0000DCB25 /* PBXContainerItemProxy */;
		};
/* End PBXTargetDependency section */

/* Begin PBXVariantGroup section */
		72898A2F2572F0C9000DCB25 /* Main.storyboard */ = {
			isa = PBXVariantGroup;
			children = (
				72898A302572F0C9000DCB25 /* Base */,
			);
			name = Main.storyboard;
			sourceTree = "<group>";
		};
		72898A342572F0D0000DCB25 /* LaunchScreen.storyboard */ = {
			isa = PBXVariantGroup;
			children = (
				72898A352572F0D0000DCB25 /* Base */,
			);
			name = LaunchScreen.storyboard;
			sourceTree = "<group>";
		};
/* End PBXVariantGroup section */

/* Begin XCBuildConfiguration section */
		72898A4E2572F0D0000DCB25 /* Debug */ = {
			isa = XCBuildConfiguration;
			buildSettings = {
				ALWAYS_SEARCH_USER_PATHS = NO;
				CLANG_ANALYZER_NONNULL = YES;
				CLANG_ANALYZER_NUMBER_OBJECT_CONVERSION = YES_AGGRESSIVE;
				CLANG_CXX_LANGUAGE_STANDARD = "gnu++14";
				CLANG_CXX_LIBRARY = "libc++";
				CLANG_ENABLE_MODULES = YES;
				CLANG_ENABLE_OBJC_ARC = YES;
				CLANG_ENABLE_OBJC_WEAK = YES;
				CLANG_WARN_BLOCK_CAPTURE_AUTORELEASING = YES;
				CLANG_WARN_BOOL_CONVERSION = YES;
				CLANG_WARN_COMMA = YES;
				CLANG_WARN_CONSTANT_CONVERSION = YES;
				CLANG_WARN_DEPRECATED_OBJC_IMPLEMENTATIONS = YES;
				CLANG_WARN_DIRECT_OBJC_ISA_USAGE = YES_ERROR;
				CLANG_WARN_DOCUMENTATION_COMMENTS = YES;
				CLANG_WARN_EMPTY_BODY = YES;
				CLANG_WARN_ENUM_CONVERSION = YES;
				CLANG_WARN_INFINITE_RECURSION = YES;
				CLANG_WARN_INT_CONVERSION = YES;
				CLANG_WARN_NON_LITERAL_NULL_CONVERSION = YES;
				CLANG_WARN_OBJC_IMPLICIT_RETAIN_SELF = YES;
				CLANG_WARN_OBJC_LITERAL_CONVERSION = YES;
				CLANG_WARN_OBJC_ROOT_CLASS = YES_ERROR;
				CLANG_WARN_QUOTED_INCLUDE_IN_FRAMEWORK_HEADER = YES;
				CLANG_WARN_RANGE_LOOP_ANALYSIS = YES;
				CLANG_WARN_STRICT_PROTOTYPES = YES;
				CLANG_WARN_SUSPICIOUS_MOVE = YES;
				CLANG_WARN_UNGUARDED_AVAILABILITY = YES_AGGRESSIVE;
				CLANG_WARN_UNREACHABLE_CODE = YES;
				CLANG_WARN__DUPLICATE_METHOD_MATCH = YES;
				COPY_PHASE_STRIP = NO;
				DEBUG_INFORMATION_FORMAT = dwarf;
				ENABLE_STRICT_OBJC_MSGSEND = YES;
				ENABLE_TESTABILITY = YES;
				GCC_C_LANGUAGE_STANDARD = gnu11;
				GCC_DYNAMIC_NO_PIC = NO;
				GCC_NO_COMMON_BLOCKS = YES;
				GCC_OPTIMIZATION_LEVEL = 0;
				GCC_PREPROCESSOR_DEFINITIONS = (
					"DEBUG=1",
					"$(inherited)",
				);
				GCC_WARN_64_TO_32_BIT_CONVERSION = YES;
				GCC_WARN_ABOUT_RETURN_TYPE = YES_ERROR;
				GCC_WARN_UNDECLARED_SELECTOR = YES;
				GCC_WARN_UNINITIALIZED_AUTOS = YES_AGGRESSIVE;
				GCC_WARN_UNUSED_FUNCTION = YES;
				GCC_WARN_UNUSED_VARIABLE = YES;
				IPHONEOS_DEPLOYMENT_TARGET = 14.2;
				MTL_ENABLE_DEBUG_INFO = INCLUDE_SOURCE;
				MTL_FAST_MATH = YES;
				ONLY_ACTIVE_ARCH = YES;
				SDKROOT = iphoneos;
				SWIFT_ACTIVE_COMPILATION_CONDITIONS = DEBUG;
				SWIFT_OPTIMIZATION_LEVEL = "-Onone";
			};
			name = Debug;
		};
		72898A4F2572F0D0000DCB25 /* Release */ = {
			isa = XCBuildConfiguration;
			buildSettings = {
				ALWAYS_SEARCH_USER_PATHS = NO;
				CLANG_ANALYZER_NONNULL = YES;
				CLANG_ANALYZER_NUMBER_OBJECT_CONVERSION = YES_AGGRESSIVE;
				CLANG_CXX_LANGUAGE_STANDARD = "gnu++14";
				CLANG_CXX_LIBRARY = "libc++";
				CLANG_ENABLE_MODULES = YES;
				CLANG_ENABLE_OBJC_ARC = YES;
				CLANG_ENABLE_OBJC_WEAK = YES;
				CLANG_WARN_BLOCK_CAPTURE_AUTORELEASING = YES;
				CLANG_WARN_BOOL_CONVERSION = YES;
				CLANG_WARN_COMMA = YES;
				CLANG_WARN_CONSTANT_CONVERSION = YES;
				CLANG_WARN_DEPRECATED_OBJC_IMPLEMENTATIONS = YES;
				CLANG_WARN_DIRECT_OBJC_ISA_USAGE = YES_ERROR;
				CLANG_WARN_DOCUMENTATION_COMMENTS = YES;
				CLANG_WARN_EMPTY_BODY = YES;
				CLANG_WARN_ENUM_CONVERSION = YES;
				CLANG_WARN_INFINITE_RECURSION = YES;
				CLANG_WARN_INT_CONVERSION = YES;
				CLANG_WARN_NON_LITERAL_NULL_CONVERSION = YES;
				CLANG_WARN_OBJC_IMPLICIT_RETAIN_SELF = YES;
				CLANG_WARN_OBJC_LITERAL_CONVERSION = YES;
				CLANG_WARN_OBJC_ROOT_CLASS = YES_ERROR;
				CLANG_WARN_QUOTED_INCLUDE_IN_FRAMEWORK_HEADER = YES;
				CLANG_WARN_RANGE_LOOP_ANALYSIS = YES;
				CLANG_WARN_STRICT_PROTOTYPES = YES;
				CLANG_WARN_SUSPICIOUS_MOVE = YES;
				CLANG_WARN_UNGUARDED_AVAILABILITY = YES_AGGRESSIVE;
				CLANG_WARN_UNREACHABLE_CODE = YES;
				CLANG_WARN__DUPLICATE_METHOD_MATCH = YES;
				COPY_PHASE_STRIP = NO;
				DEBUG_INFORMATION_FORMAT = "dwarf-with-dsym";
				ENABLE_NS_ASSERTIONS = NO;
				ENABLE_STRICT_OBJC_MSGSEND = YES;
				GCC_C_LANGUAGE_STANDARD = gnu11;
				GCC_NO_COMMON_BLOCKS = YES;
				GCC_WARN_64_TO_32_BIT_CONVERSION = YES;
				GCC_WARN_ABOUT_RETURN_TYPE = YES_ERROR;
				GCC_WARN_UNDECLARED_SELECTOR = YES;
				GCC_WARN_UNINITIALIZED_AUTOS = YES_AGGRESSIVE;
				GCC_WARN_UNUSED_FUNCTION = YES;
				GCC_WARN_UNUSED_VARIABLE = YES;
				IPHONEOS_DEPLOYMENT_TARGET = 14.2;
				MTL_ENABLE_DEBUG_INFO = NO;
				MTL_FAST_MATH = YES;
				SDKROOT = iphoneos;
				SWIFT_COMPILATION_MODE = wholemodule;
				SWIFT_OPTIMIZATION_LEVEL = "-O";
				VALIDATE_PRODUCT = YES;
			};
			name = Release;
		};
		72898A512572F0D0000DCB25 /* Debug */ = {
			isa = XCBuildConfiguration;
			buildSettings = {
				ASSETCATALOG_COMPILER_APPICON_NAME = AppIcon;
				ASSETCATALOG_COMPILER_GLOBAL_ACCENT_COLOR_NAME = AccentColor;
				CODE_SIGN_STYLE = Automatic;
				INFOPLIST_FILE = GroupProject/Info.plist;
				LD_RUNPATH_SEARCH_PATHS = (
					"$(inherited)",
					"@executable_path/Frameworks",
				);
				PRODUCT_BUNDLE_IDENTIFIER = "codepath-group-4.GroupProject";
				PRODUCT_NAME = "$(TARGET_NAME)";
				SWIFT_VERSION = 5.0;
				TARGETED_DEVICE_FAMILY = "1,2";
			};
			name = Debug;
		};
		72898A522572F0D0000DCB25 /* Release */ = {
			isa = XCBuildConfiguration;
			buildSettings = {
				ASSETCATALOG_COMPILER_APPICON_NAME = AppIcon;
				ASSETCATALOG_COMPILER_GLOBAL_ACCENT_COLOR_NAME = AccentColor;
				CODE_SIGN_STYLE = Automatic;
				INFOPLIST_FILE = GroupProject/Info.plist;
				LD_RUNPATH_SEARCH_PATHS = (
					"$(inherited)",
					"@executable_path/Frameworks",
				);
				PRODUCT_BUNDLE_IDENTIFIER = "codepath-group-4.GroupProject";
				PRODUCT_NAME = "$(TARGET_NAME)";
				SWIFT_VERSION = 5.0;
				TARGETED_DEVICE_FAMILY = "1,2";
			};
			name = Release;
		};
		72898A542572F0D0000DCB25 /* Debug */ = {
			isa = XCBuildConfiguration;
			buildSettings = {
				ALWAYS_EMBED_SWIFT_STANDARD_LIBRARIES = YES;
				BUNDLE_LOADER = "$(TEST_HOST)";
				CODE_SIGN_STYLE = Automatic;
				INFOPLIST_FILE = GroupProjectTests/Info.plist;
				IPHONEOS_DEPLOYMENT_TARGET = 14.2;
				LD_RUNPATH_SEARCH_PATHS = (
					"$(inherited)",
					"@executable_path/Frameworks",
					"@loader_path/Frameworks",
				);
				PRODUCT_BUNDLE_IDENTIFIER = "codepath-group-4.GroupProjectTests";
				PRODUCT_NAME = "$(TARGET_NAME)";
				SWIFT_VERSION = 5.0;
				TARGETED_DEVICE_FAMILY = "1,2";
				TEST_HOST = "$(BUILT_PRODUCTS_DIR)/GroupProject.app/GroupProject";
			};
			name = Debug;
		};
		72898A552572F0D0000DCB25 /* Release */ = {
			isa = XCBuildConfiguration;
			buildSettings = {
				ALWAYS_EMBED_SWIFT_STANDARD_LIBRARIES = YES;
				BUNDLE_LOADER = "$(TEST_HOST)";
				CODE_SIGN_STYLE = Automatic;
				INFOPLIST_FILE = GroupProjectTests/Info.plist;
				IPHONEOS_DEPLOYMENT_TARGET = 14.2;
				LD_RUNPATH_SEARCH_PATHS = (
					"$(inherited)",
					"@executable_path/Frameworks",
					"@loader_path/Frameworks",
				);
				PRODUCT_BUNDLE_IDENTIFIER = "codepath-group-4.GroupProjectTests";
				PRODUCT_NAME = "$(TARGET_NAME)";
				SWIFT_VERSION = 5.0;
				TARGETED_DEVICE_FAMILY = "1,2";
				TEST_HOST = "$(BUILT_PRODUCTS_DIR)/GroupProject.app/GroupProject";
			};
			name = Release;
		};
		72898A572572F0D0000DCB25 /* Debug */ = {
			isa = XCBuildConfiguration;
			buildSettings = {
				ALWAYS_EMBED_SWIFT_STANDARD_LIBRARIES = YES;
				CODE_SIGN_STYLE = Automatic;
				INFOPLIST_FILE = GroupProjectUITests/Info.plist;
				LD_RUNPATH_SEARCH_PATHS = (
					"$(inherited)",
					"@executable_path/Frameworks",
					"@loader_path/Frameworks",
				);
				PRODUCT_BUNDLE_IDENTIFIER = "codepath-group-4.GroupProjectUITests";
				PRODUCT_NAME = "$(TARGET_NAME)";
				SWIFT_VERSION = 5.0;
				TARGETED_DEVICE_FAMILY = "1,2";
				TEST_TARGET_NAME = GroupProject;
			};
			name = Debug;
		};
		72898A582572F0D0000DCB25 /* Release */ = {
			isa = XCBuildConfiguration;
			buildSettings = {
				ALWAYS_EMBED_SWIFT_STANDARD_LIBRARIES = YES;
				CODE_SIGN_STYLE = Automatic;
				INFOPLIST_FILE = GroupProjectUITests/Info.plist;
				LD_RUNPATH_SEARCH_PATHS = (
					"$(inherited)",
					"@executable_path/Frameworks",
					"@loader_path/Frameworks",
				);
				PRODUCT_BUNDLE_IDENTIFIER = "codepath-group-4.GroupProjectUITests";
				PRODUCT_NAME = "$(TARGET_NAME)";
				SWIFT_VERSION = 5.0;
				TARGETED_DEVICE_FAMILY = "1,2";
				TEST_TARGET_NAME = GroupProject;
			};
			name = Release;
		};
/* End XCBuildConfiguration section */

/* Begin XCConfigurationList section */
		72898A212572F0C9000DCB25 /* Build configuration list for PBXProject "GroupProject" */ = {
			isa = XCConfigurationList;
			buildConfigurations = (
				72898A4E2572F0D0000DCB25 /* Debug */,
				72898A4F2572F0D0000DCB25 /* Release */,
			);
			defaultConfigurationIsVisible = 0;
			defaultConfigurationName = Release;
		};
		72898A502572F0D0000DCB25 /* Build configuration list for PBXNativeTarget "GroupProject" */ = {
			isa = XCConfigurationList;
			buildConfigurations = (
				72898A512572F0D0000DCB25 /* Debug */,
				72898A522572F0D0000DCB25 /* Release */,
			);
			defaultConfigurationIsVisible = 0;
			defaultConfigurationName = Release;
		};
		72898A532572F0D0000DCB25 /* Build configuration list for PBXNativeTarget "GroupProjectTests" */ = {
			isa = XCConfigurationList;
			buildConfigurations = (
				72898A542572F0D0000DCB25 /* Debug */,
				72898A552572F0D0000DCB25 /* Release */,
			);
			defaultConfigurationIsVisible = 0;
			defaultConfigurationName = Release;
		};
		72898A562572F0D0000DCB25 /* Build configuration list for PBXNativeTarget "GroupProjectUITests" */ = {
			isa = XCConfigurationList;
			buildConfigurations = (
				72898A572572F0D0000DCB25 /* Debug */,
				72898A582572F0D0000DCB25 /* Release */,
			);
			defaultConfigurationIsVisible = 0;
			defaultConfigurationName = Release;
		};
/* End XCConfigurationList section */
	};
	rootObject = 72898A1E2572F0C9000DCB25 /* Project object */;
}
